PODS:
  - lottie-ios (3.4.0)
  - RxSwift (6.5.0)

DEPENDENCIES:
  - lottie-ios
  - RxSwift (= 6.5.0)

SPEC REPOS:
  trunk:
    - lottie-ios
    - RxSwift

SPEC CHECKSUMS:
  lottie-ios: 69495122151a378fdc7d1bb4c5930347e37baf1f
  RxSwift: 5710a9e6b17f3c3d6e40d6e559b9fa1e813b2ef8

PODFILE CHECKSUM: 8a47cecb04458d292bd9b495f14e3502f376510d

COCOAPODS: 1.11.3
